
Microsoft Visual Studio Solution File, Format Version 12.00
# Visual Studio Version 17
VisualStudioVersion = 17.14.36518.9 d17.14
MinimumVisualStudioVersion = 10.0.40219.1
Project("{FAE04EC0-301F-11D3-BF4B-00C04F79EFBC}") = "id-verification-system", "id-verification-system\id-verification-system.csproj", "{1DAE74CB-C6CE-4C56-94FD-6BD2F25A33ED}"
EndProject
Global
	GlobalSection(SolutionConfigurationPlatforms) = preSolution
		Debug|Any CPU = Debug|Any CPU
		Release|Any CPU = Release|Any CPU
	EndGlobalSection
	GlobalSection(ProjectConfigurationPlatforms) = postSolution
		{1DAE74CB-C6CE-4C56-94FD-6BD2F25A33ED}.Debug|Any CPU.ActiveCfg = Debug|Any CPU
		{1DAE74CB-C6CE-4C56-94FD-6BD2F25A33ED}.Debug|Any CPU.Build.0 = Debug|Any CPU
		{1DAE74CB-C6CE-4C56-94FD-6BD2F25A33ED}.Release|Any CPU.ActiveCfg = Release|Any CPU
		{1DAE74CB-C6CE-4C56-94FD-6BD2F25A33ED}.Release|Any CPU.Build.0 = Release|Any CPU
	EndGlobalSection
	GlobalSection(SolutionProperties) = preSolution
		HideSolutionNode = FALSE
	EndGlobalSection
	GlobalSection(ExtensibilityGlobals) = postSolution
		SolutionGuid = {BAAF360A-5D9D-4B1C-B6B7-B406D0B1C623}
	EndGlobalSection
EndGlobal
